
Microsoft Visual Studio Solution File, Format Version 12.00
# Visual Studio 2017
Project("{FAE04EC0-301F-11D3-BF4B-00C04F79EFBC}") = "GameJam_Unity", "GameJam_Unity.csproj", "{35437ED8-FCB9-43D5-11E0-D2AD14FE1AD3}"
EndProject
Global
	GlobalSection(SolutionConfigurationPlatforms) = preSolution
		Debug|Any CPU = Debug|Any CPU
		Release|Any CPU = Release|Any CPU
	EndGlobalSection
	GlobalSection(ProjectConfigurationPlatforms) = postSolution
		{35437ED8-FCB9-43D5-11E0-D2AD14FE1AD3}.Debug|Any CPU.ActiveCfg = Debug|Any CPU
		{35437ED8-FCB9-43D5-11E0-D2AD14FE1AD3}.Debug|Any CPU.Build.0 = Debug|Any CPU
		{35437ED8-FCB9-43D5-11E0-D2AD14FE1AD3}.Release|Any CPU.ActiveCfg = Release|Any CPU
		{35437ED8-FCB9-43D5-11E0-D2AD14FE1AD3}.Release|Any CPU.Build.0 = Release|Any CPU
	EndGlobalSection
	GlobalSection(SolutionProperties) = preSolution
		HideSolutionNode = FALSE
	EndGlobalSection
EndGlobal
